<?xml version="1.0" encoding="UTF-8"?>
<Scheme
   LastUpgradeVersion = "1500"
   version = "1.7">
   <BuildAction
      parallelizeBuildables = "YES"
      buildImplicitDependencies = "YES">
      <PreActions>
         <ExecutionAction
            ActionType = "Xcode.IDEStandardExecutionActionsCore.ExecutionActionType.ShellScriptAction">
            <ActionContent
               title = "Run Script"
               scriptText = "if ! test -f &quot;${SRCROOT}/ExampleApp/Configs/Production.xcconfig&quot;; then&#10;  touch &quot;${SRCROOT}/ExampleApp/Configs/Production.xcconfig&quot; &#10;fi&#10;&#10;configFilePath=&quot;${SRCROOT}/ExampleApp/Configs/Production.xcconfig&quot;&#10;&gt; $configFilePath&#10;&#10;if ! test -f &quot;${SRCROOT}/.env&quot;; then&#10;    touch &quot;${SRCROOT}/.env&quot;&#10;fi&#10;&#10;cat &quot;${SRCROOT}/.env&quot; &gt;&gt; $configFilePath&#10;">
               <EnvironmentBuildable>
                  <BuildableReference
                     BuildableIdentifier = "primary"
                     BlueprintIdentifier = "2889B7D02A558F1800D6C7BE"
                     BuildableName = "ExampleApp.app"
                     BlueprintName = "ExampleApp"
                     ReferencedContainer = "container:ExampleApp.xcodeproj">
                  </BuildableReference>
               </EnvironmentBuildable>
            </ActionContent>
         </ExecutionAction>
      </PreActions>
      <BuildActionEntries>
         <BuildActionEntry
            buildForTesting = "YES"
            buildForRunning = "YES"
            buildForProfiling = "YES"
            buildForArchiving = "YES"
            buildForAnalyzing = "YES">
            <BuildableReference
               BuildableIdentifier = "primary"
               BlueprintIdentifier = "2889B7D02A558F1800D6C7BE"
               BuildableName = "ExampleApp.app"
               BlueprintName = "ExampleApp"
               ReferencedContainer = "container:ExampleApp.xcodeproj">
            </BuildableReference>
         </BuildActionEntry>
      </BuildActionEntries>
   </BuildAction>
   <TestAction
      buildConfiguration = "Debug (Production)"
      selectedDebuggerIdentifier = "Xcode.DebuggerFoundation.Debugger.LLDB"
      selectedLauncherIdentifier = "Xcode.DebuggerFoundation.Launcher.LLDB"
      shouldUseLaunchSchemeArgsEnv = "YES"
      shouldAutocreateTestPlan = "YES">
      <Testables>
         <TestableReference
            skipped = "NO"
            parallelizable = "YES">
            <BuildableReference
               BuildableIdentifier = "primary"
               BlueprintIdentifier = "2889B7E12A558F1A00D6C7BE"
               BuildableName = "ExampleAppTests.xctest"
               BlueprintName = "ExampleAppTests"
               ReferencedContainer = "container:ExampleApp.xcodeproj">
            </BuildableReference>
         </TestableReference>
         <TestableReference
            skipped = "NO"
            parallelizable = "YES">
            <BuildableReference
               BuildableIdentifier = "primary"
               BlueprintIdentifier = "2889B7EB2A558F1A00D6C7BE"
               BuildableName = "ExampleAppUITests.xctest"
               BlueprintName = "ExampleAppUITests"
               ReferencedContainer = "container:ExampleApp.xcodeproj">
            </BuildableReference>
         </TestableReference>
      </Testables>
   </TestAction>
   <LaunchAction
      buildConfiguration = "Debug (Production)"
      selectedDebuggerIdentifier = "Xcode.DebuggerFoundation.Debugger.LLDB"
      selectedLauncherIdentifier = "Xcode.DebuggerFoundation.Launcher.LLDB"
      launchStyle = "0"
      useCustomWorkingDirectory = "NO"
      ignoresPersistentStateOnLaunch = "NO"
      debugDocumentVersioning = "YES"
      debugServiceExtension = "internal"
      allowLocationSimulation = "YES">
      <BuildableProductRunnable
         runnableDebuggingMode = "0">
         <BuildableReference
            BuildableIdentifier = "primary"
            BlueprintIdentifier = "2889B7D02A558F1800D6C7BE"
            BuildableName = "ExampleApp.app"
            BlueprintName = "ExampleApp"
            ReferencedContainer = "container:ExampleApp.xcodeproj">
         </BuildableReference>
      </BuildableProductRunnable>
   </LaunchAction>
   <ProfileAction
      buildConfiguration = "Release (Production)"
      shouldUseLaunchSchemeArgsEnv = "YES"
      savedToolIdentifier = ""
      useCustomWorkingDirectory = "NO"
      debugDocumentVersioning = "YES">
      <BuildableProductRunnable
         runnableDebuggingMode = "0">
         <BuildableReference
            BuildableIdentifier = "primary"
            BlueprintIdentifier = "2889B7D02A558F1800D6C7BE"
            BuildableName = "ExampleApp.app"
            BlueprintName = "ExampleApp"
            ReferencedContainer = "container:ExampleApp.xcodeproj">
         </BuildableReference>
      </BuildableProductRunnable>
   </ProfileAction>
   <AnalyzeAction
      buildConfiguration = "Debug (Production)">
   </AnalyzeAction>
   <ArchiveAction
      buildConfiguration = "Release (Production)"
      revealArchiveInOrganizer = "YES">
   </ArchiveAction>
</Scheme>
